{
  "version": 4,
  "terraform_version": "0.12.20",
  "serial": 396,
  "lineage": "b19ea14f-2ff8-915e-e873-7e747028cc17",
  "outputs": {
    "api-gateway-private-ip": {
      "value": "10.0.0.115",
      "type": "string"
    },
    "api-gateway-public-ip": {
      "value": "3.225.138.20",
      "type": "string"
    },
    "aws-region": {
      "value": "us-east-1",
      "type": "string"
    },
    "listing-service-db-address": {
      "value": "listing-service-db.czzbxreremet.us-east-1.rds.amazonaws.com",
      "type": "string"
    },
    "listing-service-private-ip": {
      "value": "10.0.0.115",
      "type": "string"
    },
    "users-service-db-address": {
      "value": "users-service-db.czzbxreremet.us-east-1.rds.amazonaws.com",
      "type": "string"
    },
    "users-service-private-ip": {
      "value": "10.0.0.115",
      "type": "string"
    }
  },
  "resources": [
    {
      "module": "module.listing-service-db",
      "mode": "managed",
      "type": "aws_db_instance",
      "name": "default",
      "provider": "provider.aws",
      "instances": [
        {
          "schema_version": 0,
          "attributes": {
            "address": "listing-service-db.czzbxreremet.us-east-1.rds.amazonaws.com",
            "allocated_storage": 20,
            "allow_major_version_upgrade": null,
            "apply_immediately": true,
            "arn": "arn:aws:rds:us-east-1:012131829540:db:listing-service-db",
            "auto_minor_version_upgrade": true,
            "availability_zone": "us-east-1d",
            "backup_retention_period": 0,
            "backup_window": "09:31-10:01",
            "ca_cert_identifier": "rds-ca-2019",
            "character_set_name": null,
            "copy_tags_to_snapshot": false,
            "db_subnet_group_name": "microservices-demo-db-subnet-private-group",
            "deletion_protection": false,
            "domain": "",
            "domain_iam_role_name": "",
            "enabled_cloudwatch_logs_exports": [],
            "endpoint": "listing-service-db.czzbxreremet.us-east-1.rds.amazonaws.com:3306",
            "engine": "mysql",
            "engine_version": "5.7.22",
            "final_snapshot_identifier": null,
            "hosted_zone_id": "Z2R2ITUGPM61AM",
            "iam_database_authentication_enabled": false,
            "id": "listing-service-db",
            "identifier": "listing-service-db",
            "identifier_prefix": null,
            "instance_class": "db.t2.micro",
            "iops": 0,
            "kms_key_id": "",
            "license_model": "general-public-license",
            "maintenance_window": "sun:08:30-sun:09:00",
            "max_allocated_storage": 0,
            "monitoring_interval": 0,
            "monitoring_role_arn": "",
            "multi_az": false,
            "name": "db",
            "option_group_name": "default:mysql-5-7",
            "parameter_group_name": "default.mysql5.7",
            "password": "Q1w2e3r4t5y6",
            "performance_insights_enabled": false,
            "performance_insights_kms_key_id": "",
            "performance_insights_retention_period": 0,
            "port": 3306,
            "publicly_accessible": false,
            "replicas": [],
            "replicate_source_db": "",
            "resource_id": "db-CLOMRAF4ZRRW3MC73AFDTVWDYU",
            "s3_import": [],
            "security_group_names": [],
            "skip_final_snapshot": true,
            "snapshot_identifier": null,
            "status": "available",
            "storage_encrypted": false,
            "storage_type": "gp2",
            "tags": {},
            "timeouts": null,
            "timezone": "",
            "username": "user",
            "vpc_security_group_ids": [
              "sg-04272f3a649981ed6"
            ]
          },
          "private": "eyJlMmJmYjczMC1lY2FhLTExZTYtOGY4OC0zNDM2M2JjN2M0YzAiOnsiY3JlYXRlIjoyNDAwMDAwMDAwMDAwLCJkZWxldGUiOjI0MDAwMDAwMDAwMDAsInVwZGF0ZSI6NDgwMDAwMDAwMDAwMH19",
          "dependencies": [
            "aws_db_subnet_group.private",
            "aws_security_group.allow-internal-mysql",
            "aws_subnet.microservices-demo-private-1-subnet",
            "aws_subnet.microservices-demo-private-2-subnet",
            "aws_vpc.microservices-demo"
          ]
        }
      ]
    },
    {
      "module": "module.users-service-db",
      "mode": "managed",
      "type": "aws_db_instance",
      "name": "default",
      "provider": "provider.aws",
      "instances": [
        {
          "schema_version": 0,
          "attributes": {
            "address": "users-service-db.czzbxreremet.us-east-1.rds.amazonaws.com",
            "allocated_storage": 20,
            "allow_major_version_upgrade": null,
            "apply_immediately": true,
            "arn": "arn:aws:rds:us-east-1:012131829540:db:users-service-db",
            "auto_minor_version_upgrade": true,
            "availability_zone": "us-east-1d",
            "backup_retention_period": 0,
            "backup_window": "04:16-04:46",
            "ca_cert_identifier": "rds-ca-2019",
            "character_set_name": null,
            "copy_tags_to_snapshot": false,
            "db_subnet_group_name": "microservices-demo-db-subnet-private-group",
            "deletion_protection": false,
            "domain": "",
            "domain_iam_role_name": "",
            "enabled_cloudwatch_logs_exports": [],
            "endpoint": "users-service-db.czzbxreremet.us-east-1.rds.amazonaws.com:3306",
            "engine": "mysql",
            "engine_version": "5.7.22",
            "final_snapshot_identifier": null,
            "hosted_zone_id": "Z2R2ITUGPM61AM",
            "iam_database_authentication_enabled": false,
            "id": "users-service-db",
            "identifier": "users-service-db",
            "identifier_prefix": null,
            "instance_class": "db.t2.micro",
            "iops": 0,
            "kms_key_id": "",
            "license_model": "general-public-license",
            "maintenance_window": "wed:04:50-wed:05:20",
            "max_allocated_storage": 0,
            "monitoring_interval": 0,
            "monitoring_role_arn": "",
            "multi_az": false,
            "name": "db",
            "option_group_name": "default:mysql-5-7",
            "parameter_group_name": "default.mysql5.7",
            "password": "Q1w2e3r4t5y6",
            "performance_insights_enabled": false,
            "performance_insights_kms_key_id": "",
            "performance_insights_retention_period": 0,
            "port": 3306,
            "publicly_accessible": false,
            "replicas": [],
            "replicate_source_db": "",
            "resource_id": "db-XXH2LZKIDYXTIBE2O43XHZIFAY",
            "s3_import": [],
            "security_group_names": [],
            "skip_final_snapshot": true,
            "snapshot_identifier": null,
            "status": "available",
            "storage_encrypted": false,
            "storage_type": "gp2",
            "tags": {},
            "timeouts": null,
            "timezone": "",
            "username": "Q1w2e3r4t5y6",
            "vpc_security_group_ids": [
              "sg-04272f3a649981ed6"
            ]
          },
          "private": "eyJlMmJmYjczMC1lY2FhLTExZTYtOGY4OC0zNDM2M2JjN2M0YzAiOnsiY3JlYXRlIjoyNDAwMDAwMDAwMDAwLCJkZWxldGUiOjI0MDAwMDAwMDAwMDAsInVwZGF0ZSI6NDgwMDAwMDAwMDAwMH19",
          "dependencies": [
            "aws_db_subnet_group.private",
            "aws_security_group.allow-internal-mysql",
            "aws_subnet.microservices-demo-private-1-subnet",
            "aws_subnet.microservices-demo-private-2-subnet",
            "aws_vpc.microservices-demo"
          ]
        }
      ]
    },
    {
      "mode": "managed",
      "type": "aws_db_subnet_group",
      "name": "private",
      "provider": "provider.aws",
      "instances": [
        {
          "schema_version": 0,
          "attributes": {
            "arn": "arn:aws:rds:us-east-1:012131829540:subgrp:microservices-demo-db-subnet-private-group",
            "description": "Managed by Terraform",
            "id": "microservices-demo-db-subnet-private-group",
            "name": "microservices-demo-db-subnet-private-group",
            "name_prefix": null,
            "subnet_ids": [
              "subnet-06a1ce11497fe4b81",
              "subnet-0934c1f9aff00fefa"
            ],
            "tags": {
              "Name": "private DB Subnet Group "
            }
          },
          "private": "bnVsbA==",
          "dependencies": [
            "aws_subnet.microservices-demo-private-1-subnet",
            "aws_subnet.microservices-demo-private-2-subnet",
            "aws_vpc.microservices-demo"
          ]
        }
      ]
    },
    {
      "mode": "managed",
      "type": "aws_eip",
      "name": "api-gateway-eip",
      "provider": "provider.aws",
      "instances": [
        {
          "schema_version": 0,
          "attributes": {
            "allocation_id": null,
            "associate_with_private_ip": null,
            "association_id": "eipassoc-000754e861768ebd9",
            "domain": "vpc",
            "id": "eipalloc-0aaf1e63a5a9da511",
            "instance": "i-05a50d04333099c16",
            "network_interface": "eni-0479d9a3be558a48f",
            "private_dns": "ip-10-0-0-115.ec2.internal",
            "private_ip": "10.0.0.115",
            "public_dns": "ec2-3-225-138-20.compute-1.amazonaws.com",
            "public_ip": "3.225.138.20",
            "public_ipv4_pool": "amazon",
            "tags": {},
            "timeouts": null,
            "vpc": true
          },
          "private": "eyJlMmJmYjczMC1lY2FhLTExZTYtOGY4OC0zNDM2M2JjN2M0YzAiOnsiZGVsZXRlIjoxODAwMDAwMDAwMDAsInJlYWQiOjkwMDAwMDAwMDAwMCwidXBkYXRlIjozMDAwMDAwMDAwMDB9fQ==",
          "dependencies": [
            "aws_key_pair.demo-key",
            "aws_security_group.allow-all-outbound",
            "aws_security_group.allow-http",
            "aws_security_group.allow-ssh",
            "aws_subnet.microservices-demo-public-subnet",
            "aws_vpc.microservices-demo",
            "module.api-gateway.aws_instance.default"
          ]
        }
      ]
    },
    {
      "mode": "managed",
      "type": "aws_eip",
      "name": "listing-service-eip",
      "provider": "provider.aws",
      "instances": [
        {
          "schema_version": 0,
          "attributes": {
            "allocation_id": null,
            "associate_with_private_ip": null,
            "association_id": "eipassoc-05973307e3788fcf3",
            "domain": "vpc",
            "id": "eipalloc-029044ec30610d570",
            "instance": "i-0ad9e5cd2315d31e6",
            "network_interface": "eni-0268c3c696e7dccb8",
            "private_dns": "ip-10-0-1-5.ec2.internal",
            "private_ip": "10.0.1.5",
            "public_dns": "ec2-18-207-80-254.compute-1.amazonaws.com",
            "public_ip": "18.207.80.254",
            "public_ipv4_pool": "amazon",
            "tags": {},
            "timeouts": null,
            "vpc": true
          },
          "private": "eyJlMmJmYjczMC1lY2FhLTExZTYtOGY4OC0zNDM2M2JjN2M0YzAiOnsiZGVsZXRlIjoxODAwMDAwMDAwMDAsInJlYWQiOjkwMDAwMDAwMDAwMCwidXBkYXRlIjozMDAwMDAwMDAwMDB9fQ==",
          "dependencies": [
            "aws_key_pair.demo-key",
            "aws_security_group.allow-all-outbound",
            "aws_security_group.allow-internal-http",
            "aws_security_group.allow-ssh",
            "aws_subnet.microservices-demo-private-1-subnet",
            "aws_vpc.microservices-demo",
            "module.listing-service.aws_instance.default"
          ]
        }
      ]
    },
    {
      "mode": "managed",
      "type": "aws_eip",
      "name": "users-service-eip",
      "provider": "provider.aws",
      "instances": [
        {
          "schema_version": 0,
          "attributes": {
            "allocation_id": null,
            "associate_with_private_ip": null,
            "association_id": "eipassoc-09b046989cadd3fc8",
            "domain": "vpc",
            "id": "eipalloc-0531399d205c3996f",
            "instance": "i-025af3254c5ddde4d",
            "network_interface": "eni-039881190668ea541",
            "private_dns": "ip-10-0-1-6.ec2.internal",
            "private_ip": "10.0.1.6",
            "public_dns": "ec2-52-201-6-251.compute-1.amazonaws.com",
            "public_ip": "52.201.6.251",
            "public_ipv4_pool": "amazon",
            "tags": {},
            "timeouts": null,
            "vpc": true
          },
          "private": "eyJlMmJmYjczMC1lY2FhLTExZTYtOGY4OC0zNDM2M2JjN2M0YzAiOnsiZGVsZXRlIjoxODAwMDAwMDAwMDAsInJlYWQiOjkwMDAwMDAwMDAwMCwidXBkYXRlIjozMDAwMDAwMDAwMDB9fQ==",
          "dependencies": [
            "aws_key_pair.demo-key",
            "aws_security_group.allow-all-outbound",
            "aws_security_group.allow-internal-http",
            "aws_security_group.allow-ssh",
            "aws_subnet.microservices-demo-private-1-subnet",
            "aws_vpc.microservices-demo",
            "module.users-service.aws_instance.default"
          ]
        }
      ]
    },
    {
      "module": "module.users-service",
      "mode": "managed",
      "type": "aws_instance",
      "name": "default",
      "provider": "provider.aws",
      "instances": [
        {
          "schema_version": 1,
          "attributes": {
            "ami": "ami-0fc61db8544a617ed",
            "arn": "arn:aws:ec2:us-east-1:012131829540:instance/i-025af3254c5ddde4d",
            "associate_public_ip_address": true,
            "availability_zone": "us-east-1c",
            "cpu_core_count": 1,
            "cpu_threads_per_core": 1,
            "credit_specification": [
              {
                "cpu_credits": "standard"
              }
            ],
            "disable_api_termination": false,
            "ebs_block_device": [],
            "ebs_optimized": false,
            "ephemeral_block_device": [],
            "get_password_data": false,
            "host_id": null,
            "iam_instance_profile": "",
            "id": "i-025af3254c5ddde4d",
            "instance_initiated_shutdown_behavior": null,
            "instance_state": "running",
            "instance_type": "t2.micro",
            "ipv6_address_count": 0,
            "ipv6_addresses": [],
            "key_name": "demo-key",
            "monitoring": false,
            "network_interface": [],
            "network_interface_id": null,
            "password_data": "",
            "placement_group": "",
            "primary_network_interface_id": "eni-039881190668ea541",
            "private_dns": "ip-10-0-1-6.ec2.internal",
            "private_ip": "10.0.1.6",
            "public_dns": "ec2-52-201-6-251.compute-1.amazonaws.com",
            "public_ip": "52.201.6.251",
            "root_block_device": [
              {
                "delete_on_termination": true,
                "encrypted": false,
                "iops": 100,
                "kms_key_id": "",
                "volume_id": "vol-0d07b8ede5893dafd",
                "volume_size": 8,
                "volume_type": "gp2"
              }
            ],
            "security_groups": [],
            "source_dest_check": true,
            "subnet_id": "subnet-06a1ce11497fe4b81",
            "tags": {
              "name": "users-service"
            },
            "tenancy": "default",
            "timeouts": null,
            "user_data": "2676b11a4497918d5913b237d490fca03d76119c",
            "user_data_base64": null,
            "volume_tags": {},
            "vpc_security_group_ids": [
              "sg-00df63130f74e637a",
              "sg-09afeebc13c0947dd",
              "sg-0b9d364a3552926f1"
            ]
          },
          "private": "eyJlMmJmYjczMC1lY2FhLTExZTYtOGY4OC0zNDM2M2JjN2M0YzAiOnsiY3JlYXRlIjo2MDAwMDAwMDAwMDAsImRlbGV0ZSI6MTIwMDAwMDAwMDAwMCwidXBkYXRlIjo2MDAwMDAwMDAwMDB9LCJzY2hlbWFfdmVyc2lvbiI6IjEifQ==",
          "dependencies": [
            "aws_key_pair.demo-key",
            "aws_security_group.allow-all-outbound",
            "aws_security_group.allow-internal-http",
            "aws_security_group.allow-ssh",
            "aws_subnet.microservices-demo-private-1-subnet",
            "aws_vpc.microservices-demo"
          ]
        }
      ]
    },
    {
      "module": "module.api-gateway",
      "mode": "managed",
      "type": "aws_instance",
      "name": "default",
      "provider": "provider.aws",
      "instances": [
        {
          "schema_version": 1,
          "attributes": {
            "ami": "ami-0fc61db8544a617ed",
            "arn": "arn:aws:ec2:us-east-1:012131829540:instance/i-05a50d04333099c16",
            "associate_public_ip_address": true,
            "availability_zone": "us-east-1c",
            "cpu_core_count": 1,
            "cpu_threads_per_core": 1,
            "credit_specification": [
              {
                "cpu_credits": "standard"
              }
            ],
            "disable_api_termination": false,
            "ebs_block_device": [],
            "ebs_optimized": false,
            "ephemeral_block_device": [],
            "get_password_data": false,
            "host_id": null,
            "iam_instance_profile": "",
            "id": "i-05a50d04333099c16",
            "instance_initiated_shutdown_behavior": null,
            "instance_state": "running",
            "instance_type": "t2.micro",
            "ipv6_address_count": 0,
            "ipv6_addresses": [],
            "key_name": "demo-key",
            "monitoring": false,
            "network_interface": [],
            "network_interface_id": null,
            "password_data": "",
            "placement_group": "",
            "primary_network_interface_id": "eni-0479d9a3be558a48f",
            "private_dns": "ip-10-0-0-115.ec2.internal",
            "private_ip": "10.0.0.115",
            "public_dns": "ec2-3-225-138-20.compute-1.amazonaws.com",
            "public_ip": "3.225.138.20",
            "root_block_device": [
              {
                "delete_on_termination": true,
                "encrypted": false,
                "iops": 100,
                "kms_key_id": "",
                "volume_id": "vol-03a392999c6d30eeb",
                "volume_size": 8,
                "volume_type": "gp2"
              }
            ],
            "security_groups": [],
            "source_dest_check": true,
            "subnet_id": "subnet-0eff2cc7492dd60a8",
            "tags": {
              "name": "api-gateway"
            },
            "tenancy": "default",
            "timeouts": null,
            "user_data": "2676b11a4497918d5913b237d490fca03d76119c",
            "user_data_base64": null,
            "volume_tags": {},
            "vpc_security_group_ids": [
              "sg-00df63130f74e637a",
              "sg-09afeebc13c0947dd",
              "sg-0ad4ebc93b9f40638"
            ]
          },
          "private": "eyJlMmJmYjczMC1lY2FhLTExZTYtOGY4OC0zNDM2M2JjN2M0YzAiOnsiY3JlYXRlIjo2MDAwMDAwMDAwMDAsImRlbGV0ZSI6MTIwMDAwMDAwMDAwMCwidXBkYXRlIjo2MDAwMDAwMDAwMDB9LCJzY2hlbWFfdmVyc2lvbiI6IjEifQ==",
          "dependencies": [
            "aws_key_pair.demo-key",
            "aws_security_group.allow-all-outbound",
            "aws_security_group.allow-http",
            "aws_security_group.allow-ssh",
            "aws_subnet.microservices-demo-public-subnet",
            "aws_vpc.microservices-demo"
          ]
        }
      ]
    },
    {
      "module": "module.listing-service",
      "mode": "managed",
      "type": "aws_instance",
      "name": "default",
      "provider": "provider.aws",
      "instances": [
        {
          "schema_version": 1,
          "attributes": {
            "ami": "ami-0fc61db8544a617ed",
            "arn": "arn:aws:ec2:us-east-1:012131829540:instance/i-0ad9e5cd2315d31e6",
            "associate_public_ip_address": true,
            "availability_zone": "us-east-1c",
            "cpu_core_count": 1,
            "cpu_threads_per_core": 1,
            "credit_specification": [
              {
                "cpu_credits": "standard"
              }
            ],
            "disable_api_termination": false,
            "ebs_block_device": [],
            "ebs_optimized": false,
            "ephemeral_block_device": [],
            "get_password_data": false,
            "host_id": null,
            "iam_instance_profile": "",
            "id": "i-0ad9e5cd2315d31e6",
            "instance_initiated_shutdown_behavior": null,
            "instance_state": "running",
            "instance_type": "t2.micro",
            "ipv6_address_count": 0,
            "ipv6_addresses": [],
            "key_name": "demo-key",
            "monitoring": false,
            "network_interface": [],
            "network_interface_id": null,
            "password_data": "",
            "placement_group": "",
            "primary_network_interface_id": "eni-0268c3c696e7dccb8",
            "private_dns": "ip-10-0-1-5.ec2.internal",
            "private_ip": "10.0.1.5",
            "public_dns": "ec2-18-207-80-254.compute-1.amazonaws.com",
            "public_ip": "18.207.80.254",
            "root_block_device": [
              {
                "delete_on_termination": true,
                "encrypted": false,
                "iops": 100,
                "kms_key_id": "",
                "volume_id": "vol-0544d40c0bae0df0d",
                "volume_size": 8,
                "volume_type": "gp2"
              }
            ],
            "security_groups": [],
            "source_dest_check": true,
            "subnet_id": "subnet-06a1ce11497fe4b81",
            "tags": {
              "name": "listing-service"
            },
            "tenancy": "default",
            "timeouts": null,
            "user_data": "2676b11a4497918d5913b237d490fca03d76119c",
            "user_data_base64": null,
            "volume_tags": {},
            "vpc_security_group_ids": [
              "sg-00df63130f74e637a",
              "sg-09afeebc13c0947dd",
              "sg-0b9d364a3552926f1"
            ]
          },
          "private": "eyJlMmJmYjczMC1lY2FhLTExZTYtOGY4OC0zNDM2M2JjN2M0YzAiOnsiY3JlYXRlIjo2MDAwMDAwMDAwMDAsImRlbGV0ZSI6MTIwMDAwMDAwMDAwMCwidXBkYXRlIjo2MDAwMDAwMDAwMDB9LCJzY2hlbWFfdmVyc2lvbiI6IjEifQ==",
          "dependencies": [
            "aws_key_pair.demo-key",
            "aws_security_group.allow-all-outbound",
            "aws_security_group.allow-internal-http",
            "aws_security_group.allow-ssh",
            "aws_subnet.microservices-demo-private-1-subnet",
            "aws_vpc.microservices-demo"
          ]
        }
      ]
    },
    {
      "mode": "managed",
      "type": "aws_internet_gateway",
      "name": "microservices-demo",
      "provider": "provider.aws",
      "instances": [
        {
          "schema_version": 0,
          "attributes": {
            "id": "igw-0680083ca3f349618",
            "owner_id": "012131829540",
            "tags": {},
            "vpc_id": "vpc-0403d25bea4cd7bac"
          },
          "private": "bnVsbA==",
          "dependencies": [
            "aws_vpc.microservices-demo"
          ]
        }
      ]
    },
    {
      "mode": "managed",
      "type": "aws_key_pair",
      "name": "demo-key",
      "provider": "provider.aws",
      "instances": [
        {
          "schema_version": 1,
          "attributes": {
            "fingerprint": "f7:e9:9f:a4:cf:36:53:a5:39:09:11:79:ea:8a:17:bd",
            "id": "demo-key",
            "key_name": "demo-key",
            "key_name_prefix": null,
            "key_pair_id": "key-0a38a0136a4fdf87e",
            "public_key": "ssh-rsa AAAAB3NzaC1yc2EAAAADAQABAAACAQCqcDiZMFfVWDccISAljl0T37Jy3SOwWpOs1EoRUAzQlVMT9V8XAWx4rFgvAaW1gfmJ7ANVUoP98EBqZD8fKEHEn2t5hmUp7yLeHIVD9dx+AMfj8VugBpY9kZ1P/jAqVduBVTzGK2xnURtk7bBqYDi31Bfe8RWl8lGguxnazsogkB4/yf+4jNy9hD2qvWL8ZLjMrXg2m5sNV4i/J7QP41wUKDdqiTvGxaTf78i4zbObGR9ONCq9zUyKpMEiYC9gDzo1wuxxUEs2eYEIj7w7JN8zuXggMVaMqJR5q5NtECBw+7FsLwKd0Gb16V+XslOcXfE9/3AC8VOLpwMBtEYy1JbsuelXtzxJzCbgTF1aKK4kxkQHJC62atK/zmOkG84nQ0fZ5Fn8BKMG9gJlJh1YzfkM6vGh5isCzG41SDa/dzkGVgruPgVqy5oR4oh4Zpmm/uk0ceJW6zduFZBj7EtUBHywVBTWeLVaRHT05AXtDeAVR/vjhrgmtV3+dMiQZlRuoZ4YRGPUIxVTDFju6Fort/FiKwNSPi6Wi5Ssdnb5Pjaswaw7SUW2PPfBYemMyebhNWALnwLI1GaLOKA+t1xKV4YxwUQd5C2xMQln8SNGnrzJpOWbyCrTnoZPFPd6Qj3bu+mgxTCjbq+8C6UJAjXqgRaxuioIUd0FnjUWR8y7K/CVGw== alonadelson@alons-MacBook-Pro.local",
            "tags": {}
          },
          "private": "eyJzY2hlbWFfdmVyc2lvbiI6IjEifQ=="
        }
      ]
    },
    {
      "mode": "managed",
      "type": "aws_route_table",
      "name": "public",
      "provider": "provider.aws",
      "instances": [
        {
          "schema_version": 0,
          "attributes": {
            "id": "rtb-0ac5379342dac153f",
            "owner_id": "012131829540",
            "propagating_vgws": [],
            "route": [
              {
                "cidr_block": "0.0.0.0/0",
                "egress_only_gateway_id": "",
                "gateway_id": "igw-0680083ca3f349618",
                "instance_id": "",
                "ipv6_cidr_block": "",
                "nat_gateway_id": "",
                "network_interface_id": "",
                "transit_gateway_id": "",
                "vpc_peering_connection_id": ""
              }
            ],
            "tags": {
              "Name": "Public Route Table"
            },
            "vpc_id": "vpc-0403d25bea4cd7bac"
          },
          "private": "bnVsbA==",
          "dependencies": [
            "aws_internet_gateway.microservices-demo",
            "aws_vpc.microservices-demo"
          ]
        }
      ]
    },
    {
      "mode": "managed",
      "type": "aws_route_table_association",
      "name": "microservices-demo-public-subnet",
      "provider": "provider.aws",
      "instances": [
        {
          "schema_version": 0,
          "attributes": {
            "gateway_id": null,
            "id": "rtbassoc-025c557d6a26d2b9f",
            "route_table_id": "rtb-0ac5379342dac153f",
            "subnet_id": "subnet-0eff2cc7492dd60a8"
          },
          "private": "bnVsbA==",
          "dependencies": [
            "aws_internet_gateway.microservices-demo",
            "aws_route_table.public",
            "aws_subnet.microservices-demo-public-subnet",
            "aws_vpc.microservices-demo"
          ]
        }
      ]
    },
    {
      "mode": "managed",
      "type": "aws_security_group",
      "name": "allow-all-outbound",
      "provider": "provider.aws",
      "instances": [
        {
          "schema_version": 1,
          "attributes": {
            "arn": "arn:aws:ec2:us-east-1:012131829540:security-group/sg-00df63130f74e637a",
            "description": "Allow all outbound traffic",
            "egress": [
              {
                "cidr_blocks": [
                  "0.0.0.0/0"
                ],
                "description": "",
                "from_port": 0,
                "ipv6_cidr_blocks": [],
                "prefix_list_ids": [],
                "protocol": "-1",
                "security_groups": [],
                "self": false,
                "to_port": 0
              }
            ],
            "id": "sg-00df63130f74e637a",
            "ingress": [],
            "name": "allow-all-outbound",
            "name_prefix": null,
            "owner_id": "012131829540",
            "revoke_rules_on_delete": false,
            "tags": {},
            "timeouts": null,
            "vpc_id": "vpc-0403d25bea4cd7bac"
          },
          "private": "eyJlMmJmYjczMC1lY2FhLTExZTYtOGY4OC0zNDM2M2JjN2M0YzAiOnsiY3JlYXRlIjo2MDAwMDAwMDAwMDAsImRlbGV0ZSI6NjAwMDAwMDAwMDAwfSwic2NoZW1hX3ZlcnNpb24iOiIxIn0=",
          "dependencies": [
            "aws_vpc.microservices-demo"
          ]
        }
      ]
    },
    {
      "mode": "managed",
      "type": "aws_security_group",
      "name": "allow-http",
      "provider": "provider.aws",
      "instances": [
        {
          "schema_version": 1,
          "attributes": {
            "arn": "arn:aws:ec2:us-east-1:012131829540:security-group/sg-0ad4ebc93b9f40638",
            "description": "Allow HTTP inbound traffic",
            "egress": [],
            "id": "sg-0ad4ebc93b9f40638",
            "ingress": [
              {
                "cidr_blocks": [
                  "0.0.0.0/0"
                ],
                "description": "",
                "from_port": 80,
                "ipv6_cidr_blocks": [],
                "prefix_list_ids": [],
                "protocol": "tcp",
                "security_groups": [],
                "self": false,
                "to_port": 80
              }
            ],
            "name": "allow-http-traffic",
            "name_prefix": null,
            "owner_id": "012131829540",
            "revoke_rules_on_delete": false,
            "tags": {},
            "timeouts": null,
            "vpc_id": "vpc-0403d25bea4cd7bac"
          },
          "private": "eyJlMmJmYjczMC1lY2FhLTExZTYtOGY4OC0zNDM2M2JjN2M0YzAiOnsiY3JlYXRlIjo2MDAwMDAwMDAwMDAsImRlbGV0ZSI6NjAwMDAwMDAwMDAwfSwic2NoZW1hX3ZlcnNpb24iOiIxIn0=",
          "dependencies": [
            "aws_vpc.microservices-demo"
          ]
        }
      ]
    },
    {
      "mode": "managed",
      "type": "aws_security_group",
      "name": "allow-internal-http",
      "provider": "provider.aws",
      "instances": [
        {
          "schema_version": 1,
          "attributes": {
            "arn": "arn:aws:ec2:us-east-1:012131829540:security-group/sg-0b9d364a3552926f1",
            "description": "Allow internal HTTP requests",
            "egress": [],
            "id": "sg-0b9d364a3552926f1",
            "ingress": [
              {
                "cidr_blocks": [
                  "10.0.0.0/16"
                ],
                "description": "",
                "from_port": 80,
                "ipv6_cidr_blocks": [],
                "prefix_list_ids": [],
                "protocol": "tcp",
                "security_groups": [],
                "self": false,
                "to_port": 80
              }
            ],
            "name": "allow-internal-http",
            "name_prefix": null,
            "owner_id": "012131829540",
            "revoke_rules_on_delete": false,
            "tags": {},
            "timeouts": null,
            "vpc_id": "vpc-0403d25bea4cd7bac"
          },
          "private": "eyJlMmJmYjczMC1lY2FhLTExZTYtOGY4OC0zNDM2M2JjN2M0YzAiOnsiY3JlYXRlIjo2MDAwMDAwMDAwMDAsImRlbGV0ZSI6NjAwMDAwMDAwMDAwfSwic2NoZW1hX3ZlcnNpb24iOiIxIn0=",
          "dependencies": [
            "aws_vpc.microservices-demo"
          ]
        }
      ]
    },
    {
      "mode": "managed",
      "type": "aws_security_group",
      "name": "allow-internal-mysql",
      "provider": "provider.aws",
      "instances": [
        {
          "schema_version": 1,
          "attributes": {
            "arn": "arn:aws:ec2:us-east-1:012131829540:security-group/sg-04272f3a649981ed6",
            "description": "Allow internal MySQL request",
            "egress": [],
            "id": "sg-04272f3a649981ed6",
            "ingress": [
              {
                "cidr_blocks": [
                  "10.0.0.0/16"
                ],
                "description": "",
                "from_port": 3306,
                "ipv6_cidr_blocks": [],
                "prefix_list_ids": [],
                "protocol": "tcp",
                "security_groups": [],
                "self": false,
                "to_port": 3306
              }
            ],
            "name": "allow-internal-mysql",
            "name_prefix": null,
            "owner_id": "012131829540",
            "revoke_rules_on_delete": false,
            "tags": {},
            "timeouts": null,
            "vpc_id": "vpc-0403d25bea4cd7bac"
          },
          "private": "eyJlMmJmYjczMC1lY2FhLTExZTYtOGY4OC0zNDM2M2JjN2M0YzAiOnsiY3JlYXRlIjo2MDAwMDAwMDAwMDAsImRlbGV0ZSI6NjAwMDAwMDAwMDAwfSwic2NoZW1hX3ZlcnNpb24iOiIxIn0=",
          "dependencies": [
            "aws_vpc.microservices-demo"
          ]
        }
      ]
    },
    {
      "mode": "managed",
      "type": "aws_security_group",
      "name": "allow-ssh",
      "provider": "provider.aws",
      "instances": [
        {
          "schema_version": 1,
          "attributes": {
            "arn": "arn:aws:ec2:us-east-1:012131829540:security-group/sg-09afeebc13c0947dd",
            "description": "Allow SSH inbound traffic",
            "egress": [],
            "id": "sg-09afeebc13c0947dd",
            "ingress": [
              {
                "cidr_blocks": [
                  "0.0.0.0/0"
                ],
                "description": "",
                "from_port": 22,
                "ipv6_cidr_blocks": [],
                "prefix_list_ids": [],
                "protocol": "tcp",
                "security_groups": [],
                "self": false,
                "to_port": 22
              }
            ],
            "name": "allow-ssh",
            "name_prefix": null,
            "owner_id": "012131829540",
            "revoke_rules_on_delete": false,
            "tags": {},
            "timeouts": null,
            "vpc_id": "vpc-0403d25bea4cd7bac"
          },
          "private": "eyJlMmJmYjczMC1lY2FhLTExZTYtOGY4OC0zNDM2M2JjN2M0YzAiOnsiY3JlYXRlIjo2MDAwMDAwMDAwMDAsImRlbGV0ZSI6NjAwMDAwMDAwMDAwfSwic2NoZW1hX3ZlcnNpb24iOiIxIn0=",
          "dependencies": [
            "aws_vpc.microservices-demo"
          ]
        }
      ]
    },
    {
      "mode": "managed",
      "type": "aws_subnet",
      "name": "microservices-demo-private-1-subnet",
      "provider": "provider.aws",
      "instances": [
        {
          "schema_version": 1,
          "attributes": {
            "arn": "arn:aws:ec2:us-east-1:012131829540:subnet/subnet-06a1ce11497fe4b81",
            "assign_ipv6_address_on_creation": false,
            "availability_zone": "us-east-1c",
            "availability_zone_id": "use1-az1",
            "cidr_block": "10.0.1.0/24",
            "id": "subnet-06a1ce11497fe4b81",
            "ipv6_cidr_block": "",
            "ipv6_cidr_block_association_id": "",
            "map_public_ip_on_launch": false,
            "owner_id": "012131829540",
            "tags": {
              "Name": "Microservices Demo private 1 Subnet"
            },
            "timeouts": null,
            "vpc_id": "vpc-0403d25bea4cd7bac"
          },
          "private": "eyJlMmJmYjczMC1lY2FhLTExZTYtOGY4OC0zNDM2M2JjN2M0YzAiOnsiY3JlYXRlIjo2MDAwMDAwMDAwMDAsImRlbGV0ZSI6MTIwMDAwMDAwMDAwMH0sInNjaGVtYV92ZXJzaW9uIjoiMSJ9",
          "dependencies": [
            "aws_vpc.microservices-demo"
          ]
        }
      ]
    },
    {
      "mode": "managed",
      "type": "aws_subnet",
      "name": "microservices-demo-private-2-subnet",
      "provider": "provider.aws",
      "instances": [
        {
          "schema_version": 1,
          "attributes": {
            "arn": "arn:aws:ec2:us-east-1:012131829540:subnet/subnet-0934c1f9aff00fefa",
            "assign_ipv6_address_on_creation": false,
            "availability_zone": "us-east-1d",
            "availability_zone_id": "use1-az2",
            "cidr_block": "10.0.2.0/24",
            "id": "subnet-0934c1f9aff00fefa",
            "ipv6_cidr_block": "",
            "ipv6_cidr_block_association_id": "",
            "map_public_ip_on_launch": false,
            "owner_id": "012131829540",
            "tags": {
              "Name": "Microservices Demo private 2 Subnet"
            },
            "timeouts": null,
            "vpc_id": "vpc-0403d25bea4cd7bac"
          },
          "private": "eyJlMmJmYjczMC1lY2FhLTExZTYtOGY4OC0zNDM2M2JjN2M0YzAiOnsiY3JlYXRlIjo2MDAwMDAwMDAwMDAsImRlbGV0ZSI6MTIwMDAwMDAwMDAwMH0sInNjaGVtYV92ZXJzaW9uIjoiMSJ9",
          "dependencies": [
            "aws_vpc.microservices-demo"
          ]
        }
      ]
    },
    {
      "mode": "managed",
      "type": "aws_subnet",
      "name": "microservices-demo-public-subnet",
      "provider": "provider.aws",
      "instances": [
        {
          "schema_version": 1,
          "attributes": {
            "arn": "arn:aws:ec2:us-east-1:012131829540:subnet/subnet-0eff2cc7492dd60a8",
            "assign_ipv6_address_on_creation": false,
            "availability_zone": "us-east-1c",
            "availability_zone_id": "use1-az1",
            "cidr_block": "10.0.0.0/24",
            "id": "subnet-0eff2cc7492dd60a8",
            "ipv6_cidr_block": "",
            "ipv6_cidr_block_association_id": "",
            "map_public_ip_on_launch": false,
            "owner_id": "012131829540",
            "tags": {
              "Name": "Microservices Demo Public Subnet"
            },
            "timeouts": null,
            "vpc_id": "vpc-0403d25bea4cd7bac"
          },
          "private": "eyJlMmJmYjczMC1lY2FhLTExZTYtOGY4OC0zNDM2M2JjN2M0YzAiOnsiY3JlYXRlIjo2MDAwMDAwMDAwMDAsImRlbGV0ZSI6MTIwMDAwMDAwMDAwMH0sInNjaGVtYV92ZXJzaW9uIjoiMSJ9",
          "dependencies": [
            "aws_vpc.microservices-demo"
          ]
        }
      ]
    },
    {
      "mode": "managed",
      "type": "aws_vpc",
      "name": "microservices-demo",
      "provider": "provider.aws",
      "instances": [
        {
          "schema_version": 1,
          "attributes": {
            "arn": "arn:aws:ec2:us-east-1:012131829540:vpc/vpc-0403d25bea4cd7bac",
            "assign_generated_ipv6_cidr_block": false,
            "cidr_block": "10.0.0.0/16",
            "default_network_acl_id": "acl-0d2a154003ed2cae6",
            "default_route_table_id": "rtb-08bc3436bc0754e74",
            "default_security_group_id": "sg-0c09f6500c81954d6",
            "dhcp_options_id": "dopt-8e295af5",
            "enable_classiclink": false,
            "enable_classiclink_dns_support": false,
            "enable_dns_hostnames": true,
            "enable_dns_support": true,
            "id": "vpc-0403d25bea4cd7bac",
            "instance_tenancy": "default",
            "ipv6_association_id": "",
            "ipv6_cidr_block": "",
            "main_route_table_id": "rtb-08bc3436bc0754e74",
            "owner_id": "012131829540",
            "tags": {
              "Name": "Microservices Demo VPC"
            }
          },
          "private": "eyJzY2hlbWFfdmVyc2lvbiI6IjEifQ=="
        }
      ]
    }
  ]
}
