{
  "version": 4,
  "terraform_version": "0.12.20",
  "serial": 16,
  "lineage": "b19ea14f-2ff8-915e-e873-7e747028cc17",
  "outputs": {},
  "resources": [
    {
      "module": "module.test-server",
      "mode": "managed",
      "type": "aws_instance",
      "name": "default",
      "provider": "provider.aws",
      "instances": [
        {
          "schema_version": 1,
          "attributes": {
            "ami": "ami-062f7200baf2fa504",
            "arn": "arn:aws:ec2:us-east-1:012131829540:instance/i-00099d4cf7b9ffccc",
            "associate_public_ip_address": true,
            "availability_zone": "us-east-1d",
            "cpu_core_count": 1,
            "cpu_threads_per_core": 1,
            "credit_specification": [
              {
                "cpu_credits": "standard"
              }
            ],
            "disable_api_termination": false,
            "ebs_block_device": [],
            "ebs_optimized": false,
            "ephemeral_block_device": [],
            "get_password_data": false,
            "host_id": null,
            "iam_instance_profile": "",
            "id": "i-00099d4cf7b9ffccc",
            "instance_initiated_shutdown_behavior": null,
            "instance_state": "running",
            "instance_type": "t2.micro",
            "ipv6_address_count": 0,
            "ipv6_addresses": [],
            "key_name": "demo-key",
            "monitoring": false,
            "network_interface": [],
            "network_interface_id": null,
            "password_data": "",
            "placement_group": "",
            "primary_network_interface_id": "eni-0684af2555a695694",
            "private_dns": "ip-172-31-81-37.ec2.internal",
            "private_ip": "172.31.81.37",
            "public_dns": "ec2-18-206-252-36.compute-1.amazonaws.com",
            "public_ip": "18.206.252.36",
            "root_block_device": [
              {
                "delete_on_termination": true,
                "encrypted": false,
                "iops": 100,
                "kms_key_id": "",
                "volume_id": "vol-0fb9fcb50658d9149",
                "volume_size": 8,
                "volume_type": "gp2"
              }
            ],
            "security_groups": [
              "default"
            ],
            "source_dest_check": true,
            "subnet_id": "subnet-1559d83b",
            "tags": {
              "name": "Test Server"
            },
            "tenancy": "default",
            "timeouts": null,
            "user_data": null,
            "user_data_base64": null,
            "volume_tags": {},
            "vpc_security_group_ids": [
              "sg-3ba31d76"
            ]
          },
          "private": "eyJlMmJmYjczMC1lY2FhLTExZTYtOGY4OC0zNDM2M2JjN2M0YzAiOnsiY3JlYXRlIjo2MDAwMDAwMDAwMDAsImRlbGV0ZSI6MTIwMDAwMDAwMDAwMCwidXBkYXRlIjo2MDAwMDAwMDAwMDB9LCJzY2hlbWFfdmVyc2lvbiI6IjEifQ==",
          "dependencies": [
            "aws_key_pair.demo-key"
          ]
        }
      ]
    },
    {
      "mode": "managed",
      "type": "aws_key_pair",
      "name": "demo-key",
      "provider": "provider.aws",
      "instances": [
        {
          "schema_version": 1,
          "attributes": {
            "fingerprint": "f7:e9:9f:a4:cf:36:53:a5:39:09:11:79:ea:8a:17:bd",
            "id": "demo-key",
            "key_name": "demo-key",
            "key_name_prefix": null,
            "key_pair_id": "key-07d1174d07bfee91c",
            "public_key": "ssh-rsa AAAAB3NzaC1yc2EAAAADAQABAAACAQCqcDiZMFfVWDccISAljl0T37Jy3SOwWpOs1EoRUAzQlVMT9V8XAWx4rFgvAaW1gfmJ7ANVUoP98EBqZD8fKEHEn2t5hmUp7yLeHIVD9dx+AMfj8VugBpY9kZ1P/jAqVduBVTzGK2xnURtk7bBqYDi31Bfe8RWl8lGguxnazsogkB4/yf+4jNy9hD2qvWL8ZLjMrXg2m5sNV4i/J7QP41wUKDdqiTvGxaTf78i4zbObGR9ONCq9zUyKpMEiYC9gDzo1wuxxUEs2eYEIj7w7JN8zuXggMVaMqJR5q5NtECBw+7FsLwKd0Gb16V+XslOcXfE9/3AC8VOLpwMBtEYy1JbsuelXtzxJzCbgTF1aKK4kxkQHJC62atK/zmOkG84nQ0fZ5Fn8BKMG9gJlJh1YzfkM6vGh5isCzG41SDa/dzkGVgruPgVqy5oR4oh4Zpmm/uk0ceJW6zduFZBj7EtUBHywVBTWeLVaRHT05AXtDeAVR/vjhrgmtV3+dMiQZlRuoZ4YRGPUIxVTDFju6Fort/FiKwNSPi6Wi5Ssdnb5Pjaswaw7SUW2PPfBYemMyebhNWALnwLI1GaLOKA+t1xKV4YxwUQd5C2xMQln8SNGnrzJpOWbyCrTnoZPFPd6Qj3bu+mgxTCjbq+8C6UJAjXqgRaxuioIUd0FnjUWR8y7K/CVGw== alonadelson@alons-MacBook-Pro.local",
            "tags": null
          },
          "private": "eyJzY2hlbWFfdmVyc2lvbiI6IjEifQ=="
        }
      ]
    }
  ]
}
