{
  "version": 4,
  "terraform_version": "0.12.20",
  "serial": 301,
  "lineage": "b19ea14f-2ff8-915e-e873-7e747028cc17",
  "outputs": {
    "api-gateway-private-ip": {
      "value": "10.0.0.225",
      "type": "string"
    },
    "api-gateway-public-ip": {
      "value": "54.146.44.194",
      "type": "string"
    },
    "listing-service-private-ip": {
      "value": "10.0.0.225",
      "type": "string"
    },
    "users-service-private-ip": {
      "value": "10.0.0.225",
      "type": "string"
    }
  },
  "resources": [
    {
      "module": "module.listing-service-db",
      "mode": "managed",
      "type": "aws_db_instance",
      "name": "default",
      "provider": "provider.aws",
      "instances": [
        {
          "schema_version": 0,
          "attributes": {
            "address": "listing-service-db.czzbxreremet.us-east-1.rds.amazonaws.com",
            "allocated_storage": 20,
            "allow_major_version_upgrade": null,
            "apply_immediately": true,
            "arn": "arn:aws:rds:us-east-1:012131829540:db:listing-service-db",
            "auto_minor_version_upgrade": true,
            "availability_zone": "us-east-1d",
            "backup_retention_period": 0,
            "backup_window": "08:04-08:34",
            "ca_cert_identifier": "rds-ca-2019",
            "character_set_name": null,
            "copy_tags_to_snapshot": false,
            "db_subnet_group_name": "microservices-demo-db-subnet-private-group",
            "deletion_protection": false,
            "domain": "",
            "domain_iam_role_name": "",
            "enabled_cloudwatch_logs_exports": [],
            "endpoint": "listing-service-db.czzbxreremet.us-east-1.rds.amazonaws.com:3306",
            "engine": "mysql",
            "engine_version": "5.7.22",
            "final_snapshot_identifier": null,
            "hosted_zone_id": "Z2R2ITUGPM61AM",
            "iam_database_authentication_enabled": false,
            "id": "listing-service-db",
            "identifier": "listing-service-db",
            "identifier_prefix": null,
            "instance_class": "db.t2.micro",
            "iops": 0,
            "kms_key_id": "",
            "license_model": "general-public-license",
            "maintenance_window": "wed:05:30-wed:06:00",
            "max_allocated_storage": 0,
            "monitoring_interval": 0,
            "monitoring_role_arn": "",
            "multi_az": false,
            "name": "db",
            "option_group_name": "default:mysql-5-7",
            "parameter_group_name": "default.mysql5.7",
            "password": "Q1w2e3r4t5y6",
            "performance_insights_enabled": false,
            "performance_insights_kms_key_id": "",
            "performance_insights_retention_period": 0,
            "port": 3306,
            "publicly_accessible": false,
            "replicas": [],
            "replicate_source_db": "",
            "resource_id": "db-A5CO3QET75Y5VKX36GYYP3RMTA",
            "s3_import": [],
            "security_group_names": [],
            "skip_final_snapshot": true,
            "snapshot_identifier": null,
            "status": "available",
            "storage_encrypted": false,
            "storage_type": "gp2",
            "tags": {},
            "timeouts": null,
            "timezone": "",
            "username": "user",
            "vpc_security_group_ids": [
              "sg-0beacc3b5ebe40cd0"
            ]
          },
          "private": "eyJlMmJmYjczMC1lY2FhLTExZTYtOGY4OC0zNDM2M2JjN2M0YzAiOnsiY3JlYXRlIjoyNDAwMDAwMDAwMDAwLCJkZWxldGUiOjI0MDAwMDAwMDAwMDAsInVwZGF0ZSI6NDgwMDAwMDAwMDAwMH19",
          "dependencies": [
            "aws_db_subnet_group.private",
            "aws_security_group.allow-internal-mysql",
            "aws_subnet.microservices-demo-private-1-subnet",
            "aws_subnet.microservices-demo-private-2-subnet",
            "aws_vpc.microservices-demo"
          ]
        }
      ]
    },
    {
      "module": "module.users-service-db",
      "mode": "managed",
      "type": "aws_db_instance",
      "name": "default",
      "provider": "provider.aws",
      "instances": [
        {
          "schema_version": 0,
          "attributes": {
            "address": "users-service-db.czzbxreremet.us-east-1.rds.amazonaws.com",
            "allocated_storage": 20,
            "allow_major_version_upgrade": null,
            "apply_immediately": true,
            "arn": "arn:aws:rds:us-east-1:012131829540:db:users-service-db",
            "auto_minor_version_upgrade": true,
            "availability_zone": "us-east-1d",
            "backup_retention_period": 0,
            "backup_window": "06:26-06:56",
            "ca_cert_identifier": "rds-ca-2019",
            "character_set_name": null,
            "copy_tags_to_snapshot": false,
            "db_subnet_group_name": "microservices-demo-db-subnet-private-group",
            "deletion_protection": false,
            "domain": "",
            "domain_iam_role_name": "",
            "enabled_cloudwatch_logs_exports": [],
            "endpoint": "users-service-db.czzbxreremet.us-east-1.rds.amazonaws.com:3306",
            "engine": "mysql",
            "engine_version": "5.7.22",
            "final_snapshot_identifier": null,
            "hosted_zone_id": "Z2R2ITUGPM61AM",
            "iam_database_authentication_enabled": false,
            "id": "users-service-db",
            "identifier": "users-service-db",
            "identifier_prefix": null,
            "instance_class": "db.t2.micro",
            "iops": 0,
            "kms_key_id": "",
            "license_model": "general-public-license",
            "maintenance_window": "sun:10:14-sun:10:44",
            "max_allocated_storage": 0,
            "monitoring_interval": 0,
            "monitoring_role_arn": "",
            "multi_az": false,
            "name": "db",
            "option_group_name": "default:mysql-5-7",
            "parameter_group_name": "default.mysql5.7",
            "password": "Q1w2e3r4t5y6",
            "performance_insights_enabled": false,
            "performance_insights_kms_key_id": "",
            "performance_insights_retention_period": 0,
            "port": 3306,
            "publicly_accessible": false,
            "replicas": [],
            "replicate_source_db": "",
            "resource_id": "db-FRXAQOEOBL4NORRWKAIHJBVTLM",
            "s3_import": [],
            "security_group_names": [],
            "skip_final_snapshot": true,
            "snapshot_identifier": null,
            "status": "available",
            "storage_encrypted": false,
            "storage_type": "gp2",
            "tags": {},
            "timeouts": null,
            "timezone": "",
            "username": "Q1w2e3r4t5y6",
            "vpc_security_group_ids": [
              "sg-0beacc3b5ebe40cd0"
            ]
          },
          "private": "eyJlMmJmYjczMC1lY2FhLTExZTYtOGY4OC0zNDM2M2JjN2M0YzAiOnsiY3JlYXRlIjoyNDAwMDAwMDAwMDAwLCJkZWxldGUiOjI0MDAwMDAwMDAwMDAsInVwZGF0ZSI6NDgwMDAwMDAwMDAwMH19",
          "dependencies": [
            "aws_db_subnet_group.private",
            "aws_security_group.allow-internal-mysql",
            "aws_subnet.microservices-demo-private-1-subnet",
            "aws_subnet.microservices-demo-private-2-subnet",
            "aws_vpc.microservices-demo"
          ]
        }
      ]
    },
    {
      "mode": "managed",
      "type": "aws_db_subnet_group",
      "name": "private",
      "provider": "provider.aws",
      "instances": [
        {
          "schema_version": 0,
          "attributes": {
            "arn": "arn:aws:rds:us-east-1:012131829540:subgrp:microservices-demo-db-subnet-private-group",
            "description": "Managed by Terraform",
            "id": "microservices-demo-db-subnet-private-group",
            "name": "microservices-demo-db-subnet-private-group",
            "name_prefix": null,
            "subnet_ids": [
              "subnet-0af0ed8c4b0fd2c6e",
              "subnet-0dcd4c91f3db91c60"
            ],
            "tags": {
              "Name": "private DB Subnet Group "
            }
          },
          "private": "bnVsbA==",
          "dependencies": [
            "aws_subnet.microservices-demo-private-1-subnet",
            "aws_subnet.microservices-demo-private-2-subnet",
            "aws_vpc.microservices-demo"
          ]
        }
      ]
    },
    {
      "mode": "managed",
      "type": "aws_eip",
      "name": "api-gateway-eip",
      "provider": "provider.aws",
      "instances": [
        {
          "schema_version": 0,
          "attributes": {
            "allocation_id": null,
            "associate_with_private_ip": null,
            "association_id": "eipassoc-0af5041a39c42fe62",
            "domain": "vpc",
            "id": "eipalloc-0cd1e3a1b1257170a",
            "instance": "i-0b243084d487eeb08",
            "network_interface": "eni-0a40aa03ab5841496",
            "private_dns": "ip-10-0-0-225.ec2.internal",
            "private_ip": "10.0.0.225",
            "public_dns": "ec2-54-146-44-194.compute-1.amazonaws.com",
            "public_ip": "54.146.44.194",
            "public_ipv4_pool": "amazon",
            "tags": {},
            "timeouts": null,
            "vpc": true
          },
          "private": "eyJlMmJmYjczMC1lY2FhLTExZTYtOGY4OC0zNDM2M2JjN2M0YzAiOnsiZGVsZXRlIjoxODAwMDAwMDAwMDAsInJlYWQiOjkwMDAwMDAwMDAwMCwidXBkYXRlIjozMDAwMDAwMDAwMDB9fQ==",
          "dependencies": [
            "aws_key_pair.demo-key",
            "aws_security_group.allow-all-outbound",
            "aws_security_group.allow-http",
            "aws_security_group.allow-ssh",
            "aws_subnet.microservices-demo-public-subnet",
            "aws_vpc.microservices-demo",
            "module.api-gateway.aws_instance.default"
          ]
        }
      ]
    },
    {
      "mode": "managed",
      "type": "aws_eip",
      "name": "listing-service-eip",
      "provider": "provider.aws",
      "instances": [
        {
          "schema_version": 0,
          "attributes": {
            "allocation_id": null,
            "associate_with_private_ip": null,
            "association_id": "eipassoc-06328528992379a30",
            "domain": "vpc",
            "id": "eipalloc-0ebbdfdaa5c0b863e",
            "instance": "i-0d4740e65faa938c2",
            "network_interface": "eni-04df77acb06385819",
            "private_dns": "ip-10-0-1-5.ec2.internal",
            "private_ip": "10.0.1.5",
            "public_dns": "ec2-34-192-251-166.compute-1.amazonaws.com",
            "public_ip": "34.192.251.166",
            "public_ipv4_pool": "amazon",
            "tags": {},
            "timeouts": null,
            "vpc": true
          },
          "private": "eyJlMmJmYjczMC1lY2FhLTExZTYtOGY4OC0zNDM2M2JjN2M0YzAiOnsiZGVsZXRlIjoxODAwMDAwMDAwMDAsInJlYWQiOjkwMDAwMDAwMDAwMCwidXBkYXRlIjozMDAwMDAwMDAwMDB9fQ==",
          "dependencies": [
            "aws_key_pair.demo-key",
            "aws_security_group.allow-all-outbound",
            "aws_security_group.allow-internal-http",
            "aws_security_group.allow-ssh",
            "aws_subnet.microservices-demo-private-1-subnet",
            "aws_vpc.microservices-demo",
            "module.listing-service.aws_instance.default"
          ]
        }
      ]
    },
    {
      "mode": "managed",
      "type": "aws_eip",
      "name": "users-service-eip",
      "provider": "provider.aws",
      "instances": [
        {
          "schema_version": 0,
          "attributes": {
            "allocation_id": null,
            "associate_with_private_ip": null,
            "association_id": "eipassoc-0d873036089a76fdc",
            "domain": "vpc",
            "id": "eipalloc-003589f2604d2182c",
            "instance": "i-02dfd78de63a1ee99",
            "network_interface": "eni-08251b2d021ec25da",
            "private_dns": "ip-10-0-1-6.ec2.internal",
            "private_ip": "10.0.1.6",
            "public_dns": "ec2-23-22-175-174.compute-1.amazonaws.com",
            "public_ip": "23.22.175.174",
            "public_ipv4_pool": "amazon",
            "tags": {},
            "timeouts": null,
            "vpc": true
          },
          "private": "eyJlMmJmYjczMC1lY2FhLTExZTYtOGY4OC0zNDM2M2JjN2M0YzAiOnsiZGVsZXRlIjoxODAwMDAwMDAwMDAsInJlYWQiOjkwMDAwMDAwMDAwMCwidXBkYXRlIjozMDAwMDAwMDAwMDB9fQ==",
          "dependencies": [
            "aws_key_pair.demo-key",
            "aws_security_group.allow-all-outbound",
            "aws_security_group.allow-internal-http",
            "aws_security_group.allow-ssh",
            "aws_subnet.microservices-demo-private-1-subnet",
            "aws_vpc.microservices-demo",
            "module.users-service.aws_instance.default"
          ]
        }
      ]
    },
    {
      "module": "module.users-service",
      "mode": "managed",
      "type": "aws_instance",
      "name": "default",
      "provider": "provider.aws",
      "instances": [
        {
          "schema_version": 1,
          "attributes": {
            "ami": "ami-0fc61db8544a617ed",
            "arn": "arn:aws:ec2:us-east-1:012131829540:instance/i-02dfd78de63a1ee99",
            "associate_public_ip_address": true,
            "availability_zone": "us-east-1c",
            "cpu_core_count": 1,
            "cpu_threads_per_core": 1,
            "credit_specification": [
              {
                "cpu_credits": "standard"
              }
            ],
            "disable_api_termination": false,
            "ebs_block_device": [],
            "ebs_optimized": false,
            "ephemeral_block_device": [],
            "get_password_data": false,
            "host_id": null,
            "iam_instance_profile": "",
            "id": "i-02dfd78de63a1ee99",
            "instance_initiated_shutdown_behavior": null,
            "instance_state": "running",
            "instance_type": "t2.micro",
            "ipv6_address_count": 0,
            "ipv6_addresses": [],
            "key_name": "demo-key",
            "monitoring": false,
            "network_interface": [],
            "network_interface_id": null,
            "password_data": "",
            "placement_group": "",
            "primary_network_interface_id": "eni-08251b2d021ec25da",
            "private_dns": "ip-10-0-1-6.ec2.internal",
            "private_ip": "10.0.1.6",
            "public_dns": "ec2-23-22-175-174.compute-1.amazonaws.com",
            "public_ip": "23.22.175.174",
            "root_block_device": [
              {
                "delete_on_termination": true,
                "encrypted": false,
                "iops": 100,
                "kms_key_id": "",
                "volume_id": "vol-02630f2d856b2877f",
                "volume_size": 8,
                "volume_type": "gp2"
              }
            ],
            "security_groups": [],
            "source_dest_check": true,
            "subnet_id": "subnet-0af0ed8c4b0fd2c6e",
            "tags": {
              "name": "users-service"
            },
            "tenancy": "default",
            "timeouts": null,
            "user_data": "2676b11a4497918d5913b237d490fca03d76119c",
            "user_data_base64": null,
            "volume_tags": {},
            "vpc_security_group_ids": [
              "sg-023eea8428fb1655b",
              "sg-074c06c83baf6e91f",
              "sg-0ee9ea6b63a6950d2"
            ]
          },
          "private": "eyJlMmJmYjczMC1lY2FhLTExZTYtOGY4OC0zNDM2M2JjN2M0YzAiOnsiY3JlYXRlIjo2MDAwMDAwMDAwMDAsImRlbGV0ZSI6MTIwMDAwMDAwMDAwMCwidXBkYXRlIjo2MDAwMDAwMDAwMDB9LCJzY2hlbWFfdmVyc2lvbiI6IjEifQ==",
          "dependencies": [
            "aws_key_pair.demo-key",
            "aws_security_group.allow-all-outbound",
            "aws_security_group.allow-internal-http",
            "aws_security_group.allow-ssh",
            "aws_subnet.microservices-demo-private-1-subnet",
            "aws_vpc.microservices-demo"
          ]
        }
      ]
    },
    {
      "module": "module.listing-service",
      "mode": "managed",
      "type": "aws_instance",
      "name": "default",
      "provider": "provider.aws",
      "instances": [
        {
          "schema_version": 1,
          "attributes": {
            "ami": "ami-0fc61db8544a617ed",
            "arn": "arn:aws:ec2:us-east-1:012131829540:instance/i-0d4740e65faa938c2",
            "associate_public_ip_address": true,
            "availability_zone": "us-east-1c",
            "cpu_core_count": 1,
            "cpu_threads_per_core": 1,
            "credit_specification": [
              {
                "cpu_credits": "standard"
              }
            ],
            "disable_api_termination": false,
            "ebs_block_device": [],
            "ebs_optimized": false,
            "ephemeral_block_device": [],
            "get_password_data": false,
            "host_id": null,
            "iam_instance_profile": "",
            "id": "i-0d4740e65faa938c2",
            "instance_initiated_shutdown_behavior": null,
            "instance_state": "running",
            "instance_type": "t2.micro",
            "ipv6_address_count": 0,
            "ipv6_addresses": [],
            "key_name": "demo-key",
            "monitoring": false,
            "network_interface": [],
            "network_interface_id": null,
            "password_data": "",
            "placement_group": "",
            "primary_network_interface_id": "eni-04df77acb06385819",
            "private_dns": "ip-10-0-1-5.ec2.internal",
            "private_ip": "10.0.1.5",
            "public_dns": "ec2-34-192-251-166.compute-1.amazonaws.com",
            "public_ip": "34.192.251.166",
            "root_block_device": [
              {
                "delete_on_termination": true,
                "encrypted": false,
                "iops": 100,
                "kms_key_id": "",
                "volume_id": "vol-06406c92b374adbf2",
                "volume_size": 8,
                "volume_type": "gp2"
              }
            ],
            "security_groups": [],
            "source_dest_check": true,
            "subnet_id": "subnet-0af0ed8c4b0fd2c6e",
            "tags": {
              "name": "listing-service"
            },
            "tenancy": "default",
            "timeouts": null,
            "user_data": "2676b11a4497918d5913b237d490fca03d76119c",
            "user_data_base64": null,
            "volume_tags": {},
            "vpc_security_group_ids": [
              "sg-023eea8428fb1655b",
              "sg-074c06c83baf6e91f",
              "sg-0ee9ea6b63a6950d2"
            ]
          },
          "private": "eyJlMmJmYjczMC1lY2FhLTExZTYtOGY4OC0zNDM2M2JjN2M0YzAiOnsiY3JlYXRlIjo2MDAwMDAwMDAwMDAsImRlbGV0ZSI6MTIwMDAwMDAwMDAwMCwidXBkYXRlIjo2MDAwMDAwMDAwMDB9LCJzY2hlbWFfdmVyc2lvbiI6IjEifQ==",
          "dependencies": [
            "aws_key_pair.demo-key",
            "aws_security_group.allow-all-outbound",
            "aws_security_group.allow-internal-http",
            "aws_security_group.allow-ssh",
            "aws_subnet.microservices-demo-private-1-subnet",
            "aws_vpc.microservices-demo"
          ]
        }
      ]
    },
    {
      "module": "module.api-gateway",
      "mode": "managed",
      "type": "aws_instance",
      "name": "default",
      "provider": "provider.aws",
      "instances": [
        {
          "schema_version": 1,
          "attributes": {
            "ami": "ami-0fc61db8544a617ed",
            "arn": "arn:aws:ec2:us-east-1:012131829540:instance/i-0b243084d487eeb08",
            "associate_public_ip_address": true,
            "availability_zone": "us-east-1c",
            "cpu_core_count": 1,
            "cpu_threads_per_core": 1,
            "credit_specification": [
              {
                "cpu_credits": "standard"
              }
            ],
            "disable_api_termination": false,
            "ebs_block_device": [],
            "ebs_optimized": false,
            "ephemeral_block_device": [],
            "get_password_data": false,
            "host_id": null,
            "iam_instance_profile": "",
            "id": "i-0b243084d487eeb08",
            "instance_initiated_shutdown_behavior": null,
            "instance_state": "running",
            "instance_type": "t2.micro",
            "ipv6_address_count": 0,
            "ipv6_addresses": [],
            "key_name": "demo-key",
            "monitoring": false,
            "network_interface": [],
            "network_interface_id": null,
            "password_data": "",
            "placement_group": "",
            "primary_network_interface_id": "eni-0a40aa03ab5841496",
            "private_dns": "ip-10-0-0-225.ec2.internal",
            "private_ip": "10.0.0.225",
            "public_dns": "ec2-54-146-44-194.compute-1.amazonaws.com",
            "public_ip": "54.146.44.194",
            "root_block_device": [
              {
                "delete_on_termination": true,
                "encrypted": false,
                "iops": 100,
                "kms_key_id": "",
                "volume_id": "vol-0884a12a651382b13",
                "volume_size": 8,
                "volume_type": "gp2"
              }
            ],
            "security_groups": [],
            "source_dest_check": true,
            "subnet_id": "subnet-02ff3cd541701aa08",
            "tags": {
              "name": "api-gateway"
            },
            "tenancy": "default",
            "timeouts": null,
            "user_data": "2676b11a4497918d5913b237d490fca03d76119c",
            "user_data_base64": null,
            "volume_tags": {},
            "vpc_security_group_ids": [
              "sg-074c06c83baf6e91f",
              "sg-0c9036a1c6973f20b",
              "sg-0ee9ea6b63a6950d2"
            ]
          },
          "private": "eyJlMmJmYjczMC1lY2FhLTExZTYtOGY4OC0zNDM2M2JjN2M0YzAiOnsiY3JlYXRlIjo2MDAwMDAwMDAwMDAsImRlbGV0ZSI6MTIwMDAwMDAwMDAwMCwidXBkYXRlIjo2MDAwMDAwMDAwMDB9LCJzY2hlbWFfdmVyc2lvbiI6IjEifQ==",
          "dependencies": [
            "aws_key_pair.demo-key",
            "aws_security_group.allow-all-outbound",
            "aws_security_group.allow-http",
            "aws_security_group.allow-ssh",
            "aws_subnet.microservices-demo-public-subnet",
            "aws_vpc.microservices-demo"
          ]
        }
      ]
    },
    {
      "mode": "managed",
      "type": "aws_internet_gateway",
      "name": "microservices-demo",
      "provider": "provider.aws",
      "instances": [
        {
          "schema_version": 0,
          "attributes": {
            "id": "igw-04dad5d7f8c212372",
            "owner_id": "012131829540",
            "tags": {},
            "vpc_id": "vpc-07995be4e9cd44d54"
          },
          "private": "bnVsbA==",
          "dependencies": [
            "aws_vpc.microservices-demo"
          ]
        }
      ]
    },
    {
      "mode": "managed",
      "type": "aws_key_pair",
      "name": "demo-key",
      "provider": "provider.aws",
      "instances": [
        {
          "schema_version": 1,
          "attributes": {
            "fingerprint": "f7:e9:9f:a4:cf:36:53:a5:39:09:11:79:ea:8a:17:bd",
            "id": "demo-key",
            "key_name": "demo-key",
            "key_name_prefix": null,
            "key_pair_id": "key-0cec0124ae7f2b8c8",
            "public_key": "ssh-rsa AAAAB3NzaC1yc2EAAAADAQABAAACAQCqcDiZMFfVWDccISAljl0T37Jy3SOwWpOs1EoRUAzQlVMT9V8XAWx4rFgvAaW1gfmJ7ANVUoP98EBqZD8fKEHEn2t5hmUp7yLeHIVD9dx+AMfj8VugBpY9kZ1P/jAqVduBVTzGK2xnURtk7bBqYDi31Bfe8RWl8lGguxnazsogkB4/yf+4jNy9hD2qvWL8ZLjMrXg2m5sNV4i/J7QP41wUKDdqiTvGxaTf78i4zbObGR9ONCq9zUyKpMEiYC9gDzo1wuxxUEs2eYEIj7w7JN8zuXggMVaMqJR5q5NtECBw+7FsLwKd0Gb16V+XslOcXfE9/3AC8VOLpwMBtEYy1JbsuelXtzxJzCbgTF1aKK4kxkQHJC62atK/zmOkG84nQ0fZ5Fn8BKMG9gJlJh1YzfkM6vGh5isCzG41SDa/dzkGVgruPgVqy5oR4oh4Zpmm/uk0ceJW6zduFZBj7EtUBHywVBTWeLVaRHT05AXtDeAVR/vjhrgmtV3+dMiQZlRuoZ4YRGPUIxVTDFju6Fort/FiKwNSPi6Wi5Ssdnb5Pjaswaw7SUW2PPfBYemMyebhNWALnwLI1GaLOKA+t1xKV4YxwUQd5C2xMQln8SNGnrzJpOWbyCrTnoZPFPd6Qj3bu+mgxTCjbq+8C6UJAjXqgRaxuioIUd0FnjUWR8y7K/CVGw== alonadelson@alons-MacBook-Pro.local",
            "tags": {}
          },
          "private": "eyJzY2hlbWFfdmVyc2lvbiI6IjEifQ=="
        }
      ]
    },
    {
      "mode": "managed",
      "type": "aws_route_table",
      "name": "public",
      "provider": "provider.aws",
      "instances": [
        {
          "schema_version": 0,
          "attributes": {
            "id": "rtb-019cf3f65b019d557",
            "owner_id": "012131829540",
            "propagating_vgws": [],
            "route": [
              {
                "cidr_block": "0.0.0.0/0",
                "egress_only_gateway_id": "",
                "gateway_id": "igw-04dad5d7f8c212372",
                "instance_id": "",
                "ipv6_cidr_block": "",
                "nat_gateway_id": "",
                "network_interface_id": "",
                "transit_gateway_id": "",
                "vpc_peering_connection_id": ""
              }
            ],
            "tags": {
              "Name": "Public Route Table"
            },
            "vpc_id": "vpc-07995be4e9cd44d54"
          },
          "private": "bnVsbA==",
          "dependencies": [
            "aws_internet_gateway.microservices-demo",
            "aws_vpc.microservices-demo"
          ]
        }
      ]
    },
    {
      "mode": "managed",
      "type": "aws_route_table_association",
      "name": "microservices-demo-public-subnet",
      "provider": "provider.aws",
      "instances": [
        {
          "schema_version": 0,
          "attributes": {
            "gateway_id": null,
            "id": "rtbassoc-0238b1866a06f87d2",
            "route_table_id": "rtb-019cf3f65b019d557",
            "subnet_id": "subnet-02ff3cd541701aa08"
          },
          "private": "bnVsbA==",
          "dependencies": [
            "aws_internet_gateway.microservices-demo",
            "aws_route_table.public",
            "aws_subnet.microservices-demo-public-subnet",
            "aws_vpc.microservices-demo"
          ]
        }
      ]
    },
    {
      "mode": "managed",
      "type": "aws_security_group",
      "name": "allow-all-outbound",
      "provider": "provider.aws",
      "instances": [
        {
          "schema_version": 1,
          "attributes": {
            "arn": "arn:aws:ec2:us-east-1:012131829540:security-group/sg-074c06c83baf6e91f",
            "description": "Allow all outbound traffic",
            "egress": [
              {
                "cidr_blocks": [
                  "0.0.0.0/0"
                ],
                "description": "",
                "from_port": 0,
                "ipv6_cidr_blocks": [],
                "prefix_list_ids": [],
                "protocol": "-1",
                "security_groups": [],
                "self": false,
                "to_port": 0
              }
            ],
            "id": "sg-074c06c83baf6e91f",
            "ingress": [],
            "name": "allow-all-outbound",
            "name_prefix": null,
            "owner_id": "012131829540",
            "revoke_rules_on_delete": false,
            "tags": {},
            "timeouts": null,
            "vpc_id": "vpc-07995be4e9cd44d54"
          },
          "private": "eyJlMmJmYjczMC1lY2FhLTExZTYtOGY4OC0zNDM2M2JjN2M0YzAiOnsiY3JlYXRlIjo2MDAwMDAwMDAwMDAsImRlbGV0ZSI6NjAwMDAwMDAwMDAwfSwic2NoZW1hX3ZlcnNpb24iOiIxIn0=",
          "dependencies": [
            "aws_vpc.microservices-demo"
          ]
        }
      ]
    },
    {
      "mode": "managed",
      "type": "aws_security_group",
      "name": "allow-http",
      "provider": "provider.aws",
      "instances": [
        {
          "schema_version": 1,
          "attributes": {
            "arn": "arn:aws:ec2:us-east-1:012131829540:security-group/sg-0c9036a1c6973f20b",
            "description": "Allow HTTP inbound traffic",
            "egress": [],
            "id": "sg-0c9036a1c6973f20b",
            "ingress": [
              {
                "cidr_blocks": [
                  "0.0.0.0/0"
                ],
                "description": "",
                "from_port": 80,
                "ipv6_cidr_blocks": [],
                "prefix_list_ids": [],
                "protocol": "tcp",
                "security_groups": [],
                "self": false,
                "to_port": 80
              }
            ],
            "name": "allow-http-traffic",
            "name_prefix": null,
            "owner_id": "012131829540",
            "revoke_rules_on_delete": false,
            "tags": {},
            "timeouts": null,
            "vpc_id": "vpc-07995be4e9cd44d54"
          },
          "private": "eyJlMmJmYjczMC1lY2FhLTExZTYtOGY4OC0zNDM2M2JjN2M0YzAiOnsiY3JlYXRlIjo2MDAwMDAwMDAwMDAsImRlbGV0ZSI6NjAwMDAwMDAwMDAwfSwic2NoZW1hX3ZlcnNpb24iOiIxIn0=",
          "dependencies": [
            "aws_vpc.microservices-demo"
          ]
        }
      ]
    },
    {
      "mode": "managed",
      "type": "aws_security_group",
      "name": "allow-internal-http",
      "provider": "provider.aws",
      "instances": [
        {
          "schema_version": 1,
          "attributes": {
            "arn": "arn:aws:ec2:us-east-1:012131829540:security-group/sg-023eea8428fb1655b",
            "description": "Allow internal HTTP requests",
            "egress": [],
            "id": "sg-023eea8428fb1655b",
            "ingress": [
              {
                "cidr_blocks": [
                  "10.0.0.0/16"
                ],
                "description": "",
                "from_port": 80,
                "ipv6_cidr_blocks": [],
                "prefix_list_ids": [],
                "protocol": "tcp",
                "security_groups": [],
                "self": false,
                "to_port": 80
              }
            ],
            "name": "allow-internal-http",
            "name_prefix": null,
            "owner_id": "012131829540",
            "revoke_rules_on_delete": false,
            "tags": {},
            "timeouts": null,
            "vpc_id": "vpc-07995be4e9cd44d54"
          },
          "private": "eyJlMmJmYjczMC1lY2FhLTExZTYtOGY4OC0zNDM2M2JjN2M0YzAiOnsiY3JlYXRlIjo2MDAwMDAwMDAwMDAsImRlbGV0ZSI6NjAwMDAwMDAwMDAwfSwic2NoZW1hX3ZlcnNpb24iOiIxIn0=",
          "dependencies": [
            "aws_vpc.microservices-demo"
          ]
        }
      ]
    },
    {
      "mode": "managed",
      "type": "aws_security_group",
      "name": "allow-internal-mysql",
      "provider": "provider.aws",
      "instances": [
        {
          "schema_version": 1,
          "attributes": {
            "arn": "arn:aws:ec2:us-east-1:012131829540:security-group/sg-0beacc3b5ebe40cd0",
            "description": "Allow internal MySQL request",
            "egress": [],
            "id": "sg-0beacc3b5ebe40cd0",
            "ingress": [
              {
                "cidr_blocks": [
                  "10.0.0.0/16"
                ],
                "description": "",
                "from_port": 3306,
                "ipv6_cidr_blocks": [],
                "prefix_list_ids": [],
                "protocol": "tcp",
                "security_groups": [],
                "self": false,
                "to_port": 3306
              }
            ],
            "name": "allow-internal-mysql",
            "name_prefix": null,
            "owner_id": "012131829540",
            "revoke_rules_on_delete": false,
            "tags": {},
            "timeouts": null,
            "vpc_id": "vpc-07995be4e9cd44d54"
          },
          "private": "eyJlMmJmYjczMC1lY2FhLTExZTYtOGY4OC0zNDM2M2JjN2M0YzAiOnsiY3JlYXRlIjo2MDAwMDAwMDAwMDAsImRlbGV0ZSI6NjAwMDAwMDAwMDAwfSwic2NoZW1hX3ZlcnNpb24iOiIxIn0=",
          "dependencies": [
            "aws_vpc.microservices-demo"
          ]
        }
      ]
    },
    {
      "mode": "managed",
      "type": "aws_security_group",
      "name": "allow-ssh",
      "provider": "provider.aws",
      "instances": [
        {
          "schema_version": 1,
          "attributes": {
            "arn": "arn:aws:ec2:us-east-1:012131829540:security-group/sg-0ee9ea6b63a6950d2",
            "description": "Allow SSH inbound traffic",
            "egress": [],
            "id": "sg-0ee9ea6b63a6950d2",
            "ingress": [
              {
                "cidr_blocks": [
                  "0.0.0.0/0"
                ],
                "description": "",
                "from_port": 22,
                "ipv6_cidr_blocks": [],
                "prefix_list_ids": [],
                "protocol": "tcp",
                "security_groups": [],
                "self": false,
                "to_port": 22
              }
            ],
            "name": "allow-ssh",
            "name_prefix": null,
            "owner_id": "012131829540",
            "revoke_rules_on_delete": false,
            "tags": {},
            "timeouts": null,
            "vpc_id": "vpc-07995be4e9cd44d54"
          },
          "private": "eyJlMmJmYjczMC1lY2FhLTExZTYtOGY4OC0zNDM2M2JjN2M0YzAiOnsiY3JlYXRlIjo2MDAwMDAwMDAwMDAsImRlbGV0ZSI6NjAwMDAwMDAwMDAwfSwic2NoZW1hX3ZlcnNpb24iOiIxIn0=",
          "dependencies": [
            "aws_vpc.microservices-demo"
          ]
        }
      ]
    },
    {
      "mode": "managed",
      "type": "aws_subnet",
      "name": "microservices-demo-private-1-subnet",
      "provider": "provider.aws",
      "instances": [
        {
          "schema_version": 1,
          "attributes": {
            "arn": "arn:aws:ec2:us-east-1:012131829540:subnet/subnet-0af0ed8c4b0fd2c6e",
            "assign_ipv6_address_on_creation": false,
            "availability_zone": "us-east-1c",
            "availability_zone_id": "use1-az1",
            "cidr_block": "10.0.1.0/24",
            "id": "subnet-0af0ed8c4b0fd2c6e",
            "ipv6_cidr_block": "",
            "ipv6_cidr_block_association_id": "",
            "map_public_ip_on_launch": false,
            "owner_id": "012131829540",
            "tags": {
              "Name": "Microservices Demo private 1 Subnet"
            },
            "timeouts": null,
            "vpc_id": "vpc-07995be4e9cd44d54"
          },
          "private": "eyJlMmJmYjczMC1lY2FhLTExZTYtOGY4OC0zNDM2M2JjN2M0YzAiOnsiY3JlYXRlIjo2MDAwMDAwMDAwMDAsImRlbGV0ZSI6MTIwMDAwMDAwMDAwMH0sInNjaGVtYV92ZXJzaW9uIjoiMSJ9",
          "dependencies": [
            "aws_vpc.microservices-demo"
          ]
        }
      ]
    },
    {
      "mode": "managed",
      "type": "aws_subnet",
      "name": "microservices-demo-private-2-subnet",
      "provider": "provider.aws",
      "instances": [
        {
          "schema_version": 1,
          "attributes": {
            "arn": "arn:aws:ec2:us-east-1:012131829540:subnet/subnet-0dcd4c91f3db91c60",
            "assign_ipv6_address_on_creation": false,
            "availability_zone": "us-east-1d",
            "availability_zone_id": "use1-az2",
            "cidr_block": "10.0.2.0/24",
            "id": "subnet-0dcd4c91f3db91c60",
            "ipv6_cidr_block": "",
            "ipv6_cidr_block_association_id": "",
            "map_public_ip_on_launch": false,
            "owner_id": "012131829540",
            "tags": {
              "Name": "Microservices Demo private 2 Subnet"
            },
            "timeouts": null,
            "vpc_id": "vpc-07995be4e9cd44d54"
          },
          "private": "eyJlMmJmYjczMC1lY2FhLTExZTYtOGY4OC0zNDM2M2JjN2M0YzAiOnsiY3JlYXRlIjo2MDAwMDAwMDAwMDAsImRlbGV0ZSI6MTIwMDAwMDAwMDAwMH0sInNjaGVtYV92ZXJzaW9uIjoiMSJ9",
          "dependencies": [
            "aws_vpc.microservices-demo"
          ]
        }
      ]
    },
    {
      "mode": "managed",
      "type": "aws_subnet",
      "name": "microservices-demo-public-subnet",
      "provider": "provider.aws",
      "instances": [
        {
          "schema_version": 1,
          "attributes": {
            "arn": "arn:aws:ec2:us-east-1:012131829540:subnet/subnet-02ff3cd541701aa08",
            "assign_ipv6_address_on_creation": false,
            "availability_zone": "us-east-1c",
            "availability_zone_id": "use1-az1",
            "cidr_block": "10.0.0.0/24",
            "id": "subnet-02ff3cd541701aa08",
            "ipv6_cidr_block": "",
            "ipv6_cidr_block_association_id": "",
            "map_public_ip_on_launch": false,
            "owner_id": "012131829540",
            "tags": {
              "Name": "Microservices Demo Public Subnet"
            },
            "timeouts": null,
            "vpc_id": "vpc-07995be4e9cd44d54"
          },
          "private": "eyJlMmJmYjczMC1lY2FhLTExZTYtOGY4OC0zNDM2M2JjN2M0YzAiOnsiY3JlYXRlIjo2MDAwMDAwMDAwMDAsImRlbGV0ZSI6MTIwMDAwMDAwMDAwMH0sInNjaGVtYV92ZXJzaW9uIjoiMSJ9",
          "dependencies": [
            "aws_vpc.microservices-demo"
          ]
        }
      ]
    },
    {
      "mode": "managed",
      "type": "aws_vpc",
      "name": "microservices-demo",
      "provider": "provider.aws",
      "instances": [
        {
          "schema_version": 1,
          "attributes": {
            "arn": "arn:aws:ec2:us-east-1:012131829540:vpc/vpc-07995be4e9cd44d54",
            "assign_generated_ipv6_cidr_block": false,
            "cidr_block": "10.0.0.0/16",
            "default_network_acl_id": "acl-07f80cfd13282f82c",
            "default_route_table_id": "rtb-059e52d8de0aa27ab",
            "default_security_group_id": "sg-04dc7cdc028d2a422",
            "dhcp_options_id": "dopt-8e295af5",
            "enable_classiclink": false,
            "enable_classiclink_dns_support": false,
            "enable_dns_hostnames": true,
            "enable_dns_support": true,
            "id": "vpc-07995be4e9cd44d54",
            "instance_tenancy": "default",
            "ipv6_association_id": "",
            "ipv6_cidr_block": "",
            "main_route_table_id": "rtb-059e52d8de0aa27ab",
            "owner_id": "012131829540",
            "tags": {
              "Name": "Microservices Demo VPC"
            }
          },
          "private": "eyJzY2hlbWFfdmVyc2lvbiI6IjEifQ=="
        }
      ]
    }
  ]
}
